github.com/Jeffail/tunny v0.1.4 h1:chtpdz+nUtaYQeCKlNBg6GycFF/kGVHOr6A3cmzTJXs=
github.com/Jeffail/tunny v0.1.4/go.mod h1:P8xAx4XQl0xsuhjX1DtfaMDCSuavzdb2rwbd0lk+fvo=
github.com/sourcegraph/conc v0.2.0 h1:96VpOCAtXDCQ8Oycz0ftHqdPyMi8w12ltN4L2noYg7s=
github.com/sourcegraph/conc v0.2.0/go.mod h1:8lmPpTLA0hsWqw4lw7wS1e694U2tMjRrc1Asvupb4QM=
